Microsoft Visual Studio Solution File, Format Version 12.00
# Visual Studio Version 17
VisualStudioVersion = 17.5.2.0
MinimumVisualStudioVersion = 10.0.40219.1
Project("{FAE04EC0-301F-11D3-BF4B-00C04F79EFBC}") = "UltimateRoster", "UltimateRoster.csproj", "{4509150E-1BAD-56D5-DFE2-D03BB5ACCACD}"
EndProject
Global
	GlobalSection(SolutionConfigurationPlatforms) = preSolution
		Debug|Any CPU = Debug|Any CPU
		Release|Any CPU = Release|Any CPU
	EndGlobalSection
	GlobalSection(ProjectConfigurationPlatforms) = postSolution
		{4509150E-1BAD-56D5-DFE2-D03BB5ACCACD}.Debug|Any CPU.ActiveCfg = Debug|Any CPU
		{4509150E-1BAD-56D5-DFE2-D03BB5ACCACD}.Debug|Any CPU.Build.0 = Debug|Any CPU
		{4509150E-1BAD-56D5-DFE2-D03BB5ACCACD}.Release|Any CPU.ActiveCfg = Release|Any CPU
		{4509150E-1BAD-56D5-DFE2-D03BB5ACCACD}.Release|Any CPU.Build.0 = Release|Any CPU
	EndGlobalSection
	GlobalSection(SolutionProperties) = preSolution
		HideSolutionNode = FALSE
	EndGlobalSection
	GlobalSection(ExtensibilityGlobals) = postSolution
		SolutionGuid = {64618E72-363E-4243-B15B-596F1FB727D1}
	EndGlobalSection
EndGlobal
